
Microsoft Visual Studio Solution File, Format Version 12.00
Project("{FAE04EC0-301F-11D3-BF4B-00C04F79EFBC}") = "GroupAllocator.Common", "GroupAllocator.Common\GroupAllocator.Common.csproj", "{664EC2E8-F7B1-44A0-9983-093A53EAE2AA}"
EndProject
Project("{FAE04EC0-301F-11D3-BF4B-00C04F79EFBC}") = "GroupAllocator.Backend", "GroupAllocator.Backend\GroupAllocator.Backend.csproj", "{8DD290A2-7E96-455C-AE60-1BA50D20F6C7}"
EndProject
Global
	GlobalSection(SolutionConfigurationPlatforms) = preSolution
		Debug|Any CPU = Debug|Any CPU
		Release|Any CPU = Release|Any CPU
	EndGlobalSection
	GlobalSection(ProjectConfigurationPlatforms) = postSolution
		{664EC2E8-F7B1-44A0-9983-093A53EAE2AA}.Debug|Any CPU.ActiveCfg = Debug|Any CPU
		{664EC2E8-F7B1-44A0-9983-093A53EAE2AA}.Debug|Any CPU.Build.0 = Debug|Any CPU
		{664EC2E8-F7B1-44A0-9983-093A53EAE2AA}.Release|Any CPU.ActiveCfg = Release|Any CPU
		{664EC2E8-F7B1-44A0-9983-093A53EAE2AA}.Release|Any CPU.Build.0 = Release|Any CPU
		{8DD290A2-7E96-455C-AE60-1BA50D20F6C7}.Debug|Any CPU.ActiveCfg = Debug|Any CPU
		{8DD290A2-7E96-455C-AE60-1BA50D20F6C7}.Debug|Any CPU.Build.0 = Debug|Any CPU
		{8DD290A2-7E96-455C-AE60-1BA50D20F6C7}.Release|Any CPU.ActiveCfg = Release|Any CPU
		{8DD290A2-7E96-455C-AE60-1BA50D20F6C7}.Release|Any CPU.Build.0 = Release|Any CPU
	EndGlobalSection
EndGlobal
