
Microsoft Visual Studio Solution File, Format Version 12.00
# Visual Studio Version 17
VisualStudioVersion = 17.12.35514.174
MinimumVisualStudioVersion = 10.0.40219.1
Project("{FAE04EC0-301F-11D3-BF4B-00C04F79EFBC}") = "GroupAllocator", "GroupAllocator\GroupAllocator.csproj", "{8DD290A2-7E96-455C-AE60-1BA50D20F6C7}"
EndProject
Project("{2150E333-8FDC-42A3-9474-1A3956D46DE8}") = "Solution Items", "Solution Items", "{B6335876-7B34-4964-8A07-23F36B30BA51}"
	ProjectSection(SolutionItems) = preProject
		Dockerfile = Dockerfile
	EndProjectSection
EndProject
Project("{FAE04EC0-301F-11D3-BF4B-00C04F79EFBC}") = "SolverDebugRunner", "SolverDebugRunner\SolverDebugRunner.csproj", "{5F45EAE9-74EE-4C30-B638-3686D6CD29CE}"
EndProject
Global
	GlobalSection(SolutionConfigurationPlatforms) = preSolution
		Debug|Any CPU = Debug|Any CPU
		Release|Any CPU = Release|Any CPU
	EndGlobalSection
	GlobalSection(ProjectConfigurationPlatforms) = postSolution
		{8DD290A2-7E96-455C-AE60-1BA50D20F6C7}.Debug|Any CPU.ActiveCfg = Debug|Any CPU
		{8DD290A2-7E96-455C-AE60-1BA50D20F6C7}.Debug|Any CPU.Build.0 = Debug|Any CPU
		{8DD290A2-7E96-455C-AE60-1BA50D20F6C7}.Release|Any CPU.ActiveCfg = Release|Any CPU
		{8DD290A2-7E96-455C-AE60-1BA50D20F6C7}.Release|Any CPU.Build.0 = Release|Any CPU
		{5F45EAE9-74EE-4C30-B638-3686D6CD29CE}.Debug|Any CPU.ActiveCfg = Debug|Any CPU
		{5F45EAE9-74EE-4C30-B638-3686D6CD29CE}.Debug|Any CPU.Build.0 = Debug|Any CPU
		{5F45EAE9-74EE-4C30-B638-3686D6CD29CE}.Release|Any CPU.ActiveCfg = Release|Any CPU
		{5F45EAE9-74EE-4C30-B638-3686D6CD29CE}.Release|Any CPU.Build.0 = Release|Any CPU
	EndGlobalSection
	GlobalSection(SolutionProperties) = preSolution
		HideSolutionNode = FALSE
	EndGlobalSection
	GlobalSection(ExtensibilityGlobals) = postSolution
		SolutionGuid = {43ECF197-2200-4AB4-8F78-C58C330AA708}
	EndGlobalSection
EndGlobal
